
Microsoft Visual Studio Solution File, Format Version 12.00
# Visual Studio 15
VisualStudioVersion = 15.0.27130.2024
MinimumVisualStudioVersion = 10.0.40219.1
Project("{9A19103F-16F7-4668-BE54-9A1E7A4F7556}") = "WeatherMapApi", "WeatherMapApi\WeatherMapApi.csproj", "{95C7B482-537E-4E95-85E1-A2F67F947762}"
EndProject
Project("{FAE04EC0-301F-11D3-BF4B-00C04F79EFBC}") = "WeatherRegistry", "WeatherRegistry\WeatherRegistry.csproj", "{3A83E378-8928-4A10-A9B6-99B6B908A613}"
EndProject
Global
	GlobalSection(SolutionConfigurationPlatforms) = preSolution
		Debug|Any CPU = Debug|Any CPU
		Release|Any CPU = Release|Any CPU
	EndGlobalSection
	GlobalSection(ProjectConfigurationPlatforms) = postSolution
		{95C7B482-537E-4E95-85E1-A2F67F947762}.Debug|Any CPU.ActiveCfg = Debug|Any CPU
		{95C7B482-537E-4E95-85E1-A2F67F947762}.Debug|Any CPU.Build.0 = Debug|Any CPU
		{95C7B482-537E-4E95-85E1-A2F67F947762}.Release|Any CPU.ActiveCfg = Release|Any CPU
		{95C7B482-537E-4E95-85E1-A2F67F947762}.Release|Any CPU.Build.0 = Release|Any CPU
		{3A83E378-8928-4A10-A9B6-99B6B908A613}.Debug|Any CPU.ActiveCfg = Debug|Any CPU
		{3A83E378-8928-4A10-A9B6-99B6B908A613}.Debug|Any CPU.Build.0 = Debug|Any CPU
		{3A83E378-8928-4A10-A9B6-99B6B908A613}.Release|Any CPU.ActiveCfg = Release|Any CPU
		{3A83E378-8928-4A10-A9B6-99B6B908A613}.Release|Any CPU.Build.0 = Release|Any CPU
	EndGlobalSection
	GlobalSection(SolutionProperties) = preSolution
		HideSolutionNode = FALSE
	EndGlobalSection
	GlobalSection(ExtensibilityGlobals) = postSolution
		SolutionGuid = {377BF263-0270-463C-9DA8-FB76FF7321E3}
	EndGlobalSection
EndGlobal
